{
  "version": 4,
  "terraform_version": "1.3.3",
  "serial": 36,
  "lineage": "4458c963-3d53-55bd-6402-0c076c0ce346",
  "outputs": {
    "webapp_url": {
      "value": "https://module12-todo.azurewebsites.net",
      "type": "string"
    },
    "webhook": {
      "value": "https://$module12-todo:Wlcr1LHSb5iAylYhxkekvm8yrjC6pgFdnZfnkHffiSt1K7e0BJXPRjDo5DAk@module12-todo.scm.azurewebsites.net/docker/hook",
      "type": "string",
      "sensitive": true
    }
  },
  "resources": [
    {
      "mode": "data",
      "type": "azurerm_resource_group",
      "name": "main",
      "provider": "provider[\"registry.terraform.io/hashicorp/azurerm\"]",
      "instances": [
        {
          "schema_version": 0,
          "attributes": {
            "id": "/subscriptions/d33b95c7-af3c-4247-9661-aa96d47fccc0/resourceGroups/LV21_CraigBeasley_ProjectExercise",
            "location": "uksouth",
            "name": "LV21_CraigBeasley_ProjectExercise",
            "tags": {},
            "timeouts": null
          },
          "sensitive_attributes": []
        }
      ]
    },
    {
      "mode": "managed",
      "type": "azurerm_app_service",
      "name": "main",
      "provider": "provider[\"registry.terraform.io/hashicorp/azurerm\"]",
      "instances": [
        {
          "schema_version": 0,
          "attributes": {
            "app_service_plan_id": "/subscriptions/d33b95c7-af3c-4247-9661-aa96d47fccc0/resourceGroups/LV21_CraigBeasley_ProjectExercise/providers/Microsoft.Web/serverfarms/terraformed-asp",
            "app_settings": {
              "DOCKER_REGISTRY_SERVER_URL": "https://index.docker.io",
              "GITHUB_CLIENT_ID": "6011e62ebcc36f4e9cb7",
              "GITHUB_CLIENT_SECRET": "479b0710b3cf875a3e5c97814efec06f0a8710ad",
              "MONGO_CONNECTION_STRING": "mongodb://module12testdb:8cQPYMNtnbtdGRx0m8cbhdrmMfvNI3bKDak2Ov96egHfBaR0R9ULb3SbNEDj5hW1uiq3GLZidedmACDb1Cnqjw==@module12testdb.mongo.cosmos.azure.com:10255/?ssl=true\u0026replicaSet=globaldb\u0026retrywrites=false\u0026maxIdleTimeMS=120000\u0026appName=@module12testdb@",
              "MONGO_DATABASE_NAME": "todo_db",
              "SECRET_KEY": "secret-key"
            },
            "auth_settings": [
              {
                "active_directory": [],
                "additional_login_params": {},
                "allowed_external_redirect_urls": [],
                "default_provider": "",
                "enabled": false,
                "facebook": [],
                "google": [],
                "issuer": "",
                "microsoft": [],
                "runtime_version": "",
                "token_refresh_extension_hours": 0,
                "token_store_enabled": false,
                "twitter": [],
                "unauthenticated_client_action": ""
              }
            ],
            "backup": [],
            "client_affinity_enabled": false,
            "client_cert_enabled": false,
            "client_cert_mode": "Required",
            "connection_string": [],
            "custom_domain_verification_id": "C11362A7BC6B6AE47600B6CA026E5B947B6577DA4AE022E214743600719CCB1D",
            "default_site_hostname": "module12-todo.azurewebsites.net",
            "enabled": true,
            "https_only": false,
            "id": "/subscriptions/d33b95c7-af3c-4247-9661-aa96d47fccc0/resourceGroups/LV21_CraigBeasley_ProjectExercise/providers/Microsoft.Web/sites/module12-todo",
            "identity": [],
            "key_vault_reference_identity_id": "SystemAssigned",
            "location": "uksouth",
            "logs": [
              {
                "application_logs": [
                  {
                    "azure_blob_storage": [],
                    "file_system_level": "Off"
                  }
                ],
                "detailed_error_messages_enabled": false,
                "failed_request_tracing_enabled": false,
                "http_logs": [
                  {
                    "azure_blob_storage": [],
                    "file_system": []
                  }
                ]
              }
            ],
            "name": "module12-todo",
            "outbound_ip_address_list": [
              "20.108.56.23",
              "20.108.56.79",
              "20.108.57.48",
              "20.108.58.167",
              "20.108.58.233",
              "20.108.60.203",
              "20.90.134.16"
            ],
            "outbound_ip_addresses": "20.108.56.23,20.108.56.79,20.108.57.48,20.108.58.167,20.108.58.233,20.108.60.203,20.90.134.16",
            "possible_outbound_ip_address_list": [
              "20.108.56.23",
              "20.108.56.79",
              "20.108.57.48",
              "20.108.58.167",
              "20.108.58.233",
              "20.108.60.203",
              "20.108.61.0",
              "20.108.61.20",
              "20.108.61.48",
              "20.108.61.62",
              "20.108.61.215",
              "20.108.62.17",
              "20.108.63.44",
              "20.108.63.208",
              "20.108.63.211",
              "20.108.136.100",
              "20.108.136.194",
              "20.108.136.215",
              "20.108.136.244",
              "20.108.137.24",
              "20.108.137.30",
              "20.108.137.45",
              "20.108.137.47",
              "20.108.137.59",
              "20.90.134.16"
            ],
            "possible_outbound_ip_addresses": "20.108.56.23,20.108.56.79,20.108.57.48,20.108.58.167,20.108.58.233,20.108.60.203,20.108.61.0,20.108.61.20,20.108.61.48,20.108.61.62,20.108.61.215,20.108.62.17,20.108.63.44,20.108.63.208,20.108.63.211,20.108.136.100,20.108.136.194,20.108.136.215,20.108.136.244,20.108.137.24,20.108.137.30,20.108.137.45,20.108.137.47,20.108.137.59,20.90.134.16",
            "resource_group_name": "LV21_CraigBeasley_ProjectExercise",
            "site_config": [
              {
                "acr_use_managed_identity_credentials": false,
                "acr_user_managed_identity_client_id": "",
                "always_on": false,
                "app_command_line": "",
                "auto_swap_slot_name": "",
                "cors": [
                  {
                    "allowed_origins": [],
                    "support_credentials": false
                  }
                ],
                "default_documents": [],
                "dotnet_framework_version": "v4.0",
                "ftps_state": "AllAllowed",
                "health_check_path": "",
                "http2_enabled": false,
                "ip_restriction": [],
                "java_container": "",
                "java_container_version": "",
                "java_version": "",
                "linux_fx_version": "DOCKER|craigbeasley/todo_app:prod",
                "local_mysql_enabled": false,
                "managed_pipeline_mode": "Integrated",
                "min_tls_version": "1.2",
                "number_of_workers": 1,
                "php_version": "",
                "python_version": "",
                "remote_debugging_enabled": false,
                "remote_debugging_version": "VS2019",
                "scm_ip_restriction": [],
                "scm_type": "None",
                "scm_use_main_ip_restriction": false,
                "use_32_bit_worker_process": false,
                "vnet_route_all_enabled": false,
                "websockets_enabled": false,
                "windows_fx_version": ""
              }
            ],
            "site_credential": [
              {
                "password": "Wlcr1LHSb5iAylYhxkekvm8yrjC6pgFdnZfnkHffiSt1K7e0BJXPRjDo5DAk",
                "username": "$module12-todo"
              }
            ],
            "source_control": [
              {
                "branch": "main",
                "manual_integration": false,
                "repo_url": "",
                "rollback_enabled": false,
                "use_mercurial": false
              }
            ],
            "storage_account": [],
            "tags": {},
            "timeouts": null
          },
          "sensitive_attributes": [
            [
              {
                "type": "get_attr",
                "value": "app_settings"
              },
              {
                "type": "index",
                "value": {
                  "value": "GITHUB_CLIENT_ID",
                  "type": "string"
                }
              }
            ],
            [
              {
                "type": "get_attr",
                "value": "app_settings"
              },
              {
                "type": "index",
                "value": {
                  "value": "GITHUB_CLIENT_SECRET",
                  "type": "string"
                }
              }
            ],
            [
              {
                "type": "get_attr",
                "value": "app_settings"
              },
              {
                "type": "index",
                "value": {
                  "value": "MONGO_CONNECTION_STRING",
                  "type": "string"
                }
              }
            ],
            [
              {
                "type": "get_attr",
                "value": "app_settings"
              },
              {
                "type": "index",
                "value": {
                  "value": "MONGO_DATABASE_NAME",
                  "type": "string"
                }
              }
            ],
            [
              {
                "type": "get_attr",
                "value": "app_settings"
              },
              {
                "type": "index",
                "value": {
                  "value": "SECRET_KEY",
                  "type": "string"
                }
              }
            ]
          ],
          "private": "eyJlMmJmYjczMC1lY2FhLTExZTYtOGY4OC0zNDM2M2JjN2M0YzAiOnsiY3JlYXRlIjoxODAwMDAwMDAwMDAwLCJkZWxldGUiOjE4MDAwMDAwMDAwMDAsInJlYWQiOjMwMDAwMDAwMDAwMCwidXBkYXRlIjoxODAwMDAwMDAwMDAwfX0=",
          "dependencies": [
            "azurerm_app_service_plan.main",
            "azurerm_cosmosdb_account.main",
            "data.azurerm_resource_group.main"
          ]
        }
      ]
    },
    {
      "mode": "managed",
      "type": "azurerm_app_service_plan",
      "name": "main",
      "provider": "provider[\"registry.terraform.io/hashicorp/azurerm\"]",
      "instances": [
        {
          "schema_version": 0,
          "attributes": {
            "app_service_environment_id": "",
            "id": "/subscriptions/d33b95c7-af3c-4247-9661-aa96d47fccc0/resourceGroups/LV21_CraigBeasley_ProjectExercise/providers/Microsoft.Web/serverfarms/terraformed-asp",
            "is_xenon": false,
            "kind": "linux",
            "location": "uksouth",
            "maximum_elastic_worker_count": 1,
            "maximum_number_of_workers": 3,
            "name": "terraformed-asp",
            "per_site_scaling": false,
            "reserved": true,
            "resource_group_name": "LV21_CraigBeasley_ProjectExercise",
            "sku": [
              {
                "capacity": 1,
                "size": "B1",
                "tier": "Basic"
              }
            ],
            "tags": {},
            "timeouts": null,
            "zone_redundant": false
          },
          "sensitive_attributes": [],
          "private": "eyJlMmJmYjczMC1lY2FhLTExZTYtOGY4OC0zNDM2M2JjN2M0YzAiOnsiY3JlYXRlIjozNjAwMDAwMDAwMDAwLCJkZWxldGUiOjM2MDAwMDAwMDAwMDAsInJlYWQiOjMwMDAwMDAwMDAwMCwidXBkYXRlIjozNjAwMDAwMDAwMDAwfX0=",
          "dependencies": ["data.azurerm_resource_group.main"]
        }
      ]
    },
    {
      "mode": "managed",
      "type": "azurerm_cosmosdb_account",
      "name": "main",
      "provider": "provider[\"registry.terraform.io/hashicorp/azurerm\"]",
      "instances": [
        {
          "schema_version": 0,
          "attributes": {
            "access_key_metadata_writes_enabled": true,
            "analytical_storage": [
              {
                "schema_type": "FullFidelity"
              }
            ],
            "analytical_storage_enabled": false,
            "backup": [
              {
                "interval_in_minutes": 240,
                "retention_in_hours": 8,
                "storage_redundancy": "Geo",
                "type": "Periodic"
              }
            ],
            "capabilities": [
              {
                "name": "EnableMongo"
              },
              {
                "name": "EnableServerless"
              }
            ],
            "capacity": [],
            "connection_strings": [
              "mongodb://module12testdb:8cQPYMNtnbtdGRx0m8cbhdrmMfvNI3bKDak2Ov96egHfBaR0R9ULb3SbNEDj5hW1uiq3GLZidedmACDb1Cnqjw==@module12testdb.mongo.cosmos.azure.com:10255/?ssl=true\u0026replicaSet=globaldb\u0026retrywrites=false\u0026maxIdleTimeMS=120000\u0026appName=@module12testdb@",
              "mongodb://module12testdb:aBCCnfLwltB9GLhvzgL2DEuCb3hh60fPUwLfP8COy2a1dg9sJWfzbJghTvh12GEF05k9eNPn3fYSACDb3gZjxQ==@module12testdb.mongo.cosmos.azure.com:10255/?ssl=true\u0026replicaSet=globaldb\u0026retrywrites=false\u0026maxIdleTimeMS=120000\u0026appName=@module12testdb@",
              "mongodb://module12testdb:H2R2NtxsAvlf5CPJlUmxboF7ZZXhWb4SNwJxt8GzLLQUBqtsW7I0a8lg3BXGYLwX5jeBMLA6ntZcACDbX47EjQ==@module12testdb.mongo.cosmos.azure.com:10255/?ssl=true\u0026replicaSet=globaldb\u0026retrywrites=false\u0026maxIdleTimeMS=120000\u0026appName=@module12testdb@",
              "mongodb://module12testdb:97MUfrnjTEKmsgZVrf6nRPHizWhopXGthPgA7DCRSWg5qaUisRsfYU8dNFM1tQ6Yquhm9SnDWtgOACDbi1arpg==@module12testdb.mongo.cosmos.azure.com:10255/?ssl=true\u0026replicaSet=globaldb\u0026retrywrites=false\u0026maxIdleTimeMS=120000\u0026appName=@module12testdb@"
            ],
            "consistency_policy": [
              {
                "consistency_level": "Session",
                "max_interval_in_seconds": 5,
                "max_staleness_prefix": 100
              }
            ],
            "cors_rule": [],
            "create_mode": "",
            "default_identity_type": "FirstPartyIdentity",
            "enable_automatic_failover": true,
            "enable_free_tier": false,
            "enable_multiple_write_locations": false,
            "endpoint": "https://module12testdb.documents.azure.com:443/",
            "geo_location": [
              {
                "failover_priority": 0,
                "id": "module12testdb-uksouth",
                "location": "uksouth",
                "zone_redundant": false
              }
            ],
            "id": "/subscriptions/d33b95c7-af3c-4247-9661-aa96d47fccc0/resourceGroups/LV21_CraigBeasley_ProjectExercise/providers/Microsoft.DocumentDB/databaseAccounts/module12testdb",
            "identity": [],
            "ip_range_filter": "",
            "is_virtual_network_filter_enabled": false,
            "key_vault_key_id": null,
            "kind": "MongoDB",
            "local_authentication_disabled": false,
            "location": "uksouth",
            "mongo_server_version": "3.6",
            "name": "module12testdb",
            "network_acl_bypass_for_azure_services": false,
            "network_acl_bypass_ids": [],
            "offer_type": "Standard",
            "primary_key": "8cQPYMNtnbtdGRx0m8cbhdrmMfvNI3bKDak2Ov96egHfBaR0R9ULb3SbNEDj5hW1uiq3GLZidedmACDb1Cnqjw==",
            "primary_readonly_key": "H2R2NtxsAvlf5CPJlUmxboF7ZZXhWb4SNwJxt8GzLLQUBqtsW7I0a8lg3BXGYLwX5jeBMLA6ntZcACDbX47EjQ==",
            "primary_readonly_sql_connection_string": null,
            "primary_sql_connection_string": null,
            "public_network_access_enabled": true,
            "read_endpoints": [
              "https://module12testdb-uksouth.documents.azure.com:443/"
            ],
            "resource_group_name": "LV21_CraigBeasley_ProjectExercise",
            "restore": [],
            "secondary_key": "aBCCnfLwltB9GLhvzgL2DEuCb3hh60fPUwLfP8COy2a1dg9sJWfzbJghTvh12GEF05k9eNPn3fYSACDb3gZjxQ==",
            "secondary_readonly_key": "97MUfrnjTEKmsgZVrf6nRPHizWhopXGthPgA7DCRSWg5qaUisRsfYU8dNFM1tQ6Yquhm9SnDWtgOACDbi1arpg==",
            "secondary_readonly_sql_connection_string": null,
            "secondary_sql_connection_string": null,
            "tags": {},
            "timeouts": null,
            "virtual_network_rule": [],
            "write_endpoints": [
              "https://module12testdb-uksouth.documents.azure.com:443/"
            ]
          },
          "sensitive_attributes": [],
          "private": "eyJlMmJmYjczMC1lY2FhLTExZTYtOGY4OC0zNDM2M2JjN2M0YzAiOnsiY3JlYXRlIjoxMDgwMDAwMDAwMDAwMCwiZGVsZXRlIjoxMDgwMDAwMDAwMDAwMCwicmVhZCI6MzAwMDAwMDAwMDAwLCJ1cGRhdGUiOjEwODAwMDAwMDAwMDAwfX0=",
          "dependencies": ["data.azurerm_resource_group.main"]
        }
      ]
    },
    {
      "mode": "managed",
      "type": "azurerm_cosmosdb_mongo_database",
      "name": "mongodb",
      "provider": "provider[\"registry.terraform.io/hashicorp/azurerm\"]",
      "instances": [
        {
          "schema_version": 1,
          "attributes": {
            "account_name": "module12testdb",
            "autoscale_settings": [],
            "id": "/subscriptions/d33b95c7-af3c-4247-9661-aa96d47fccc0/resourceGroups/LV21_CraigBeasley_ProjectExercise/providers/Microsoft.DocumentDB/databaseAccounts/module12testdb/mongodbDatabases/module12exercise",
            "name": "module12exercise",
            "resource_group_name": "LV21_CraigBeasley_ProjectExercise",
            "throughput": null,
            "timeouts": null
          },
          "sensitive_attributes": [],
          "private": "eyJlMmJmYjczMC1lY2FhLTExZTYtOGY4OC0zNDM2M2JjN2M0YzAiOnsiY3JlYXRlIjoxODAwMDAwMDAwMDAwLCJkZWxldGUiOjE4MDAwMDAwMDAwMDAsInJlYWQiOjMwMDAwMDAwMDAwMCwidXBkYXRlIjoxODAwMDAwMDAwMDAwfSwic2NoZW1hX3ZlcnNpb24iOiIxIn0=",
          "dependencies": [
            "azurerm_cosmosdb_account.main",
            "data.azurerm_resource_group.main"
          ]
        }
      ]
    }
  ],
  "check_results": []
}
